
Microsoft Visual Studio Solution File, Format Version 12.00
# Visual Studio 15
VisualStudioVersion = 15.0.28307.705
MinimumVisualStudioVersion = 10.0.40219.1
Project("{FAE04EC0-301F-11D3-BF4B-00C04F79EFBC}") = "DBProgramming", "DBProgramming\DBProgramming.csproj", "{63C74D67-3A43-4AEA-8993-6E181D651485}"
EndProject
Project("{FAE04EC0-301F-11D3-BF4B-00C04F79EFBC}") = "Calculator", "DBProgramming\SubProject\Calculator\Calculator.csproj", "{3D6C8D18-F319-4C21-A4F5-756E49F357DB}"
EndProject
Project("{FAE04EC0-301F-11D3-BF4B-00C04F79EFBC}") = "BasicFileIO", "BasicFileIO\BasicFileIO.csproj", "{08839917-7CB7-4417-94C7-BBF8581E9B41}"
EndProject
Project("{FAE04EC0-301F-11D3-BF4B-00C04F79EFBC}") = "StudentManagerment", "StudentManagerment\StudentManagerment.csproj", "{15819A78-BD91-48FE-8D4E-7A0115DF53BA}"
EndProject
Project("{FAE04EC0-301F-11D3-BF4B-00C04F79EFBC}") = "MarketBrowser", "MarketBrowser\MarketBrowser.csproj", "{B83EDBE2-5538-4F03-9F01-7EDF52B67E69}"
EndProject
Global
	GlobalSection(SolutionConfigurationPlatforms) = preSolution
		Debug|Any CPU = Debug|Any CPU
		Release|Any CPU = Release|Any CPU
	EndGlobalSection
	GlobalSection(ProjectConfigurationPlatforms) = postSolution
		{63C74D67-3A43-4AEA-8993-6E181D651485}.Debug|Any CPU.ActiveCfg = Debug|Any CPU
		{63C74D67-3A43-4AEA-8993-6E181D651485}.Debug|Any CPU.Build.0 = Debug|Any CPU
		{63C74D67-3A43-4AEA-8993-6E181D651485}.Release|Any CPU.ActiveCfg = Release|Any CPU
		{63C74D67-3A43-4AEA-8993-6E181D651485}.Release|Any CPU.Build.0 = Release|Any CPU
		{3D6C8D18-F319-4C21-A4F5-756E49F357DB}.Debug|Any CPU.ActiveCfg = Debug|Any CPU
		{3D6C8D18-F319-4C21-A4F5-756E49F357DB}.Debug|Any CPU.Build.0 = Debug|Any CPU
		{3D6C8D18-F319-4C21-A4F5-756E49F357DB}.Release|Any CPU.ActiveCfg = Release|Any CPU
		{3D6C8D18-F319-4C21-A4F5-756E49F357DB}.Release|Any CPU.Build.0 = Release|Any CPU
		{08839917-7CB7-4417-94C7-BBF8581E9B41}.Debug|Any CPU.ActiveCfg = Debug|Any CPU
		{08839917-7CB7-4417-94C7-BBF8581E9B41}.Debug|Any CPU.Build.0 = Debug|Any CPU
		{08839917-7CB7-4417-94C7-BBF8581E9B41}.Release|Any CPU.ActiveCfg = Release|Any CPU
		{08839917-7CB7-4417-94C7-BBF8581E9B41}.Release|Any CPU.Build.0 = Release|Any CPU
		{15819A78-BD91-48FE-8D4E-7A0115DF53BA}.Debug|Any CPU.ActiveCfg = Debug|Any CPU
		{15819A78-BD91-48FE-8D4E-7A0115DF53BA}.Debug|Any CPU.Build.0 = Debug|Any CPU
		{15819A78-BD91-48FE-8D4E-7A0115DF53BA}.Release|Any CPU.ActiveCfg = Release|Any CPU
		{15819A78-BD91-48FE-8D4E-7A0115DF53BA}.Release|Any CPU.Build.0 = Release|Any CPU
		{B83EDBE2-5538-4F03-9F01-7EDF52B67E69}.Debug|Any CPU.ActiveCfg = Debug|Any CPU
		{B83EDBE2-5538-4F03-9F01-7EDF52B67E69}.Debug|Any CPU.Build.0 = Debug|Any CPU
		{B83EDBE2-5538-4F03-9F01-7EDF52B67E69}.Release|Any CPU.ActiveCfg = Release|Any CPU
		{B83EDBE2-5538-4F03-9F01-7EDF52B67E69}.Release|Any CPU.Build.0 = Release|Any CPU
	EndGlobalSection
	GlobalSection(SolutionProperties) = preSolution
		HideSolutionNode = FALSE
	EndGlobalSection
	GlobalSection(ExtensibilityGlobals) = postSolution
		SolutionGuid = {AE18A69F-9E81-459E-A3BB-CBF5DBBB79C2}
	EndGlobalSection
EndGlobal
